# Last reviewed AUR commit for each package. A change to any remote commit opens
# a review PR; this file never controls vendor version discovery or builds.
1password	d991324ae2605a3142318cd33fe3d7da6a9f98eb
64gram-desktop-bin	5ec268cc1f3bb8ffd01e3d0946c0a2894700ebbc
claude-code	17784e502f8e85b945a662c63a39abd9f1fbebbe
google-chrome	cf617f18280a369fd9dff2849c3161163badf264
helium-browser-bin	59527d80d4a3e06f86c411c4866cb7c374e5f940
pac-pacman-aliases	3edd69234dd4153098551883163850720a3c1a20
protonplus	98460ba01ea54d879ac836403a0c6c302429353d
speedtest-go	ea2bcb414113ca84ff481e6ff45202ed6422f3d5
vicinae-bin	b71b0f8981b09b3c24dba44a7b028462fdabb918
visual-studio-code-bin	a458821645f32fbe2be29c74f97080d7c0b668dd
wemeet-bin	ce20a7f39532d2c832c942102145680599143deb
